# Generated by pub
# See https://dart.dev/tools/pub/glossary#lockfile
packages:
  fpdart:
    dependency: "direct main"
    description:
      path: "../.."
      relative: true
    source: path
    version: "0.6.0-dev.1"
  lint:
    dependency: "direct dev"
    description:
      name: lint
      sha256: "4a539aa34ec5721a2c7574ae2ca0336738ea4adc2a34887d54b7596310b33c85"
      url: "https://pub.dev"
    source: hosted
    version: "1.10.0"
sdks:
  dart: ">=2.17.0 <4.0.0"
