# Generated by pub
# See https://dart.dev/tools/pub/glossary#lockfile
packages:
  fpdart:
    dependency: "direct main"
    description:
      path: "../.."
      relative: true
    source: path
    version: "0.1.1"
  lint:
    dependency: "direct dev"
    description:
      name: lint
      url: "https://pub.dartlang.org"
    source: hosted
    version: "1.5.3"
sdks:
  dart: ">=2.16.0 <3.0.0"
